
Microsoft Visual Studio Solution File, Format Version 12.00
# Visual Studio Version 16
VisualStudioVersion = 16.0.31613.86
MinimumVisualStudioVersion = 10.0.40219.1
Project("{FAE04EC0-301F-11D3-BF4B-00C04F79EFBC}") = "Presentación", "Presentación\Presentación.csproj", "{E8037C66-70AD-4D1A-8D8B-EA4BE64E51B2}"
EndProject
Project("{FAE04EC0-301F-11D3-BF4B-00C04F79EFBC}") = "Datos", "Datos\Datos.csproj", "{9D9AC090-C567-4763-A386-FB27293A55EC}"
EndProject
Project("{FAE04EC0-301F-11D3-BF4B-00C04F79EFBC}") = "Logica", "Logica\Logica.csproj", "{FAE918FD-BD91-471D-9A13-1D36CE14A770}"
EndProject
Project("{FAE04EC0-301F-11D3-BF4B-00C04F79EFBC}") = "Entidad", "Entidad\Entidad.csproj", "{E64FB727-B943-4F77-A0AF-A31F7551DC3A}"
EndProject
Global
	GlobalSection(SolutionConfigurationPlatforms) = preSolution
		Debug|Any CPU = Debug|Any CPU
		Release|Any CPU = Release|Any CPU
	EndGlobalSection
	GlobalSection(ProjectConfigurationPlatforms) = postSolution
		{E8037C66-70AD-4D1A-8D8B-EA4BE64E51B2}.Debug|Any CPU.ActiveCfg = Debug|Any CPU
		{E8037C66-70AD-4D1A-8D8B-EA4BE64E51B2}.Debug|Any CPU.Build.0 = Debug|Any CPU
		{E8037C66-70AD-4D1A-8D8B-EA4BE64E51B2}.Release|Any CPU.ActiveCfg = Release|Any CPU
		{E8037C66-70AD-4D1A-8D8B-EA4BE64E51B2}.Release|Any CPU.Build.0 = Release|Any CPU
		{9D9AC090-C567-4763-A386-FB27293A55EC}.Debug|Any CPU.ActiveCfg = Debug|Any CPU
		{9D9AC090-C567-4763-A386-FB27293A55EC}.Debug|Any CPU.Build.0 = Debug|Any CPU
		{9D9AC090-C567-4763-A386-FB27293A55EC}.Release|Any CPU.ActiveCfg = Release|Any CPU
		{9D9AC090-C567-4763-A386-FB27293A55EC}.Release|Any CPU.Build.0 = Release|Any CPU
		{FAE918FD-BD91-471D-9A13-1D36CE14A770}.Debug|Any CPU.ActiveCfg = Debug|Any CPU
		{FAE918FD-BD91-471D-9A13-1D36CE14A770}.Debug|Any CPU.Build.0 = Debug|Any CPU
		{FAE918FD-BD91-471D-9A13-1D36CE14A770}.Release|Any CPU.ActiveCfg = Release|Any CPU
		{FAE918FD-BD91-471D-9A13-1D36CE14A770}.Release|Any CPU.Build.0 = Release|Any CPU
		{E64FB727-B943-4F77-A0AF-A31F7551DC3A}.Debug|Any CPU.ActiveCfg = Debug|Any CPU
		{E64FB727-B943-4F77-A0AF-A31F7551DC3A}.Debug|Any CPU.Build.0 = Debug|Any CPU
		{E64FB727-B943-4F77-A0AF-A31F7551DC3A}.Release|Any CPU.ActiveCfg = Release|Any CPU
		{E64FB727-B943-4F77-A0AF-A31F7551DC3A}.Release|Any CPU.Build.0 = Release|Any CPU
	EndGlobalSection
	GlobalSection(SolutionProperties) = preSolution
		HideSolutionNode = FALSE
	EndGlobalSection
	GlobalSection(ExtensibilityGlobals) = postSolution
		SolutionGuid = {B8F723B6-1A5A-44A2-B6F2-13D45FAC5D0F}
	EndGlobalSection
EndGlobal
